
Microsoft Visual Studio Solution File, Format Version 12.00
# Visual Studio 15
VisualStudioVersion = 15.0.26730.12
MinimumVisualStudioVersion = 10.0.40219.1
Project("{FAE04EC0-301F-11D3-BF4B-00C04F79EFBC}") = "WebApplication1", "WebApplication1\WebApplication1.csproj", "{FA4C9097-FE42-46B4-AF26-893D6B244822}"
EndProject
Global
	GlobalSection(SolutionConfigurationPlatforms) = preSolution
		Debug|Any CPU = Debug|Any CPU
		Release|Any CPU = Release|Any CPU
	EndGlobalSection
	GlobalSection(ProjectConfigurationPlatforms) = postSolution
		{FA4C9097-FE42-46B4-AF26-893D6B244822}.Debug|Any CPU.ActiveCfg = Debug|Any CPU
		{FA4C9097-FE42-46B4-AF26-893D6B244822}.Debug|Any CPU.Build.0 = Debug|Any CPU
		{FA4C9097-FE42-46B4-AF26-893D6B244822}.Release|Any CPU.ActiveCfg = Release|Any CPU
		{FA4C9097-FE42-46B4-AF26-893D6B244822}.Release|Any CPU.Build.0 = Release|Any CPU
	EndGlobalSection
	GlobalSection(SolutionProperties) = preSolution
		HideSolutionNode = FALSE
	EndGlobalSection
	GlobalSection(ExtensibilityGlobals) = postSolution
		SolutionGuid = {453B46A3-42AE-47FC-97AF-24FB871E86D3}
	EndGlobalSection
EndGlobal
